{
    "name": "daoclient",
    "lockfileVersion": 2,
    "requires": true,
    "packages": {
        "": {
            "name": "daoclient",
            "dependencies": {
                "hotpocket-js-client": "0.5.3",
                "lmdb": "^2.6.8",
                "node-lmdb": "^0.9.7"
            }
        },
        "node_modules/@lmdb/lmdb-darwin-arm64": {
            "version": "2.6.8",
            "resolved": "https://registry.npmjs.org/@lmdb/lmdb-darwin-arm64/-/lmdb-darwin-arm64-2.6.8.tgz",
            "integrity": "sha512-u3BSAWCiyN8DZnXx4HdQjFTD2mlAnRHCmtgjQY7RwH99bFgZQzGpqvtM4TNh5bLuInxovyilI3qNmqUBEqbgtg==",
            "cpu": [
                "arm64"
            ],
            "optional": true,
            "os": [
                "darwin"
            ]
        },
        "node_modules/@lmdb/lmdb-darwin-x64": {
            "version": "2.6.8",
            "resolved": "https://registry.npmjs.org/@lmdb/lmdb-darwin-x64/-/lmdb-darwin-x64-2.6.8.tgz",
            "integrity": "sha512-btsrk8V8rjYxMgQX0hduqmhf0BFHTcjF4ZO7b796rMonGwhIZYdKE8CY1l/AQfRhoB6Pi1PKwhyO6B8W9zxNCQ==",
            "cpu": [
                "x64"
            ],
            "optional": true,
            "os": [
                "darwin"
            ]
        },
        "node_modules/@lmdb/lmdb-linux-arm": {
            "version": "2.6.8",
            "resolved": "https://registry.npmjs.org/@lmdb/lmdb-linux-arm/-/lmdb-linux-arm-2.6.8.tgz",
            "integrity": "sha512-J4LlzHWkdWLNFlJJ2ZZlQF6k2Dejjd0e5kBMclvK4BdEJ5OOqrOZIAbDUb/efOhbmlR4AGShzIPviCRqOufU1w==",
            "cpu": [
                "arm"
            ],
            "optional": true,
            "os": [
                "linux"
            ]
        },
        "node_modules/@lmdb/lmdb-linux-arm64": {
            "version": "2.6.8",
            "resolved": "https://registry.npmjs.org/@lmdb/lmdb-linux-arm64/-/lmdb-linux-arm64-2.6.8.tgz",
            "integrity": "sha512-TVjR7QSSbuJqhCib/nqpRPvCA5rShm5ep6VJ/O0Wz04z1zIuRjkEYFwx9bOlRqmyu33gvab3MWqDyA33BN94sw==",
            "cpu": [
                "arm64"
            ],
            "optional": true,
            "os": [
                "linux"
            ]
        },
        "node_modules/@lmdb/lmdb-linux-x64": {
            "version": "2.6.8",
            "resolved": "https://registry.npmjs.org/@lmdb/lmdb-linux-x64/-/lmdb-linux-x64-2.6.8.tgz",
            "integrity": "sha512-VqeBBNiQ5bkvIHW3gATypT6OMBCdHJtZqSvYXmQL5p2hJ/VqV1H3W2HBrAhKTs0ap4aUBPmuHTvoC87lgSCpmg==",
            "cpu": [
                "x64"
            ],
            "optional": true,
            "os": [
                "linux"
            ]
        },
        "node_modules/@lmdb/lmdb-win32-x64": {
            "version": "2.6.8",
            "resolved": "https://registry.npmjs.org/@lmdb/lmdb-win32-x64/-/lmdb-win32-x64-2.6.8.tgz",
            "integrity": "sha512-duVM8zq1FZWzu9tzwhOMAkbCiz7EZkXqPGv3EtG+FLPgBNiEih1AXB7WsrYufJZgFUzKOJQQyNVVA2/UJDOtjQ==",
            "cpu": [
                "x64"
            ],
            "optional": true,
            "os": [
                "win32"
            ]
        },
        "node_modules/@msgpackr-extract/msgpackr-extract-darwin-arm64": {
            "version": "2.1.2",
            "resolved": "https://registry.npmjs.org/@msgpackr-extract/msgpackr-extract-darwin-arm64/-/msgpackr-extract-darwin-arm64-2.1.2.tgz",
            "integrity": "sha512-TyVLn3S/+ikMDsh0gbKv2YydKClN8HaJDDpONlaZR+LVJmsxLFUgA+O7zu59h9+f9gX1aj/ahw9wqa6rosmrYQ==",
            "cpu": [
                "arm64"
            ],
            "optional": true,
            "os": [
                "darwin"
            ]
        },
        "node_modules/@msgpackr-extract/msgpackr-extract-darwin-x64": {
            "version": "2.1.2",
            "resolved": "https://registry.npmjs.org/@msgpackr-extract/msgpackr-extract-darwin-x64/-/msgpackr-extract-darwin-x64-2.1.2.tgz",
            "integrity": "sha512-YPXtcVkhmVNoMGlqp81ZHW4dMxK09msWgnxtsDpSiZwTzUBG2N+No2bsr7WMtBKCVJMSD6mbAl7YhKUqkp/Few==",
            "cpu": [
                "x64"
            ],
            "optional": true,
            "os": [
                "darwin"
            ]
        },
        "node_modules/@msgpackr-extract/msgpackr-extract-linux-arm": {
            "version": "2.1.2",
            "resolved": "https://registry.npmjs.org/@msgpackr-extract/msgpackr-extract-linux-arm/-/msgpackr-extract-linux-arm-2.1.2.tgz",
            "integrity": "sha512-42R4MAFeIeNn+L98qwxAt360bwzX2Kf0ZQkBBucJ2Ircza3asoY4CDbgiu9VWklq8gWJVSJSJBwDI+c/THiWkA==",
            "cpu": [
                "arm"
            ],
            "optional": true,
            "os": [
                "linux"
            ]
        },
        "node_modules/@msgpackr-extract/msgpackr-extract-linux-arm64": {
            "version": "2.1.2",
            "resolved": "https://registry.npmjs.org/@msgpackr-extract/msgpackr-extract-linux-arm64/-/msgpackr-extract-linux-arm64-2.1.2.tgz",
            "integrity": "sha512-vHZ2JiOWF2+DN9lzltGbhtQNzDo8fKFGrf37UJrgqxU0yvtERrzUugnfnX1wmVfFhSsF8OxrfqiNOUc5hko1Zg==",
            "cpu": [
                "arm64"
            ],
            "optional": true,
            "os": [
                "linux"
            ]
        },
        "node_modules/@msgpackr-extract/msgpackr-extract-linux-x64": {
            "version": "2.1.2",
            "resolved": "https://registry.npmjs.org/@msgpackr-extract/msgpackr-extract-linux-x64/-/msgpackr-extract-linux-x64-2.1.2.tgz",
            "integrity": "sha512-RjRoRxg7Q3kPAdUSC5EUUPlwfMkIVhmaRTIe+cqHbKrGZ4M6TyCA/b5qMaukQ/1CHWrqYY2FbKOAU8Hg0pQFzg==",
            "cpu": [
                "x64"
            ],
            "optional": true,
            "os": [
                "linux"
            ]
        },
        "node_modules/@msgpackr-extract/msgpackr-extract-win32-x64": {
            "version": "2.1.2",
            "resolved": "https://registry.npmjs.org/@msgpackr-extract/msgpackr-extract-win32-x64/-/msgpackr-extract-win32-x64-2.1.2.tgz",
            "integrity": "sha512-rIZVR48zA8hGkHIK7ED6+ZiXsjRCcAVBJbm8o89OKAMTmEAQ2QvoOxoiu3w2isAaWwzgtQIOFIqHwvZDyLKCvw==",
            "cpu": [
                "x64"
            ],
            "optional": true,
            "os": [
                "win32"
            ]
        },
        "node_modules/base64-js": {
            "version": "1.5.1",
            "resolved": "https://registry.npmjs.org/base64-js/-/base64-js-1.5.1.tgz",
            "integrity": "sha512-AKpaYlHn8t4SVbOHCy+b5+KKgvR4vrsD8vbvrbiQJps7fKDTkjkDry6ji0rUJjC0kzbNePLwzxq8iypo41qeWA==",
            "funding": [
                {
                    "type": "github",
                    "url": "https://github.com/sponsors/feross"
                },
                {
                    "type": "patreon",
                    "url": "https://www.patreon.com/feross"
                },
                {
                    "type": "consulting",
                    "url": "https://feross.org/support"
                }
            ]
        },
        "node_modules/blake3": {
            "version": "2.1.4",
            "resolved": "https://registry.npmjs.org/blake3/-/blake3-2.1.4.tgz",
            "integrity": "sha512-70hmx0lPd6zmtNwxPT4/1P0pqaEUlTJ0noUBvCXPLfMpN0o8PPaK3q7ZlpRIyhrqcXxeMAJSowNm/L9oi/x1XA==",
            "hasInstallScript": true
        },
        "node_modules/bson": {
            "version": "4.5.3",
            "resolved": "https://registry.npmjs.org/bson/-/bson-4.5.3.tgz",
            "integrity": "sha512-qVX7LX79Mtj7B3NPLzCfBiCP6RAsjiV8N63DjlaVVpZW+PFoDTxQ4SeDbSpcqgE6mXksM5CAwZnXxxxn/XwC0g==",
            "dependencies": {
                "buffer": "^5.6.0"
            },
            "engines": {
                "node": ">=6.9.0"
            }
        },
        "node_modules/buffer": {
            "version": "5.7.1",
            "resolved": "https://registry.npmjs.org/buffer/-/buffer-5.7.1.tgz",
            "integrity": "sha512-EHcyIPBQ4BSGlvjB16k5KgAJ27CIsHY/2JBmCRReo48y9rQ3MaUzWX3KVlBa4U7MyX02HdVj0K7C3WaB3ju7FQ==",
            "funding": [
                {
                    "type": "github",
                    "url": "https://github.com/sponsors/feross"
                },
                {
                    "type": "patreon",
                    "url": "https://www.patreon.com/feross"
                },
                {
                    "type": "consulting",
                    "url": "https://feross.org/support"
                }
            ],
            "dependencies": {
                "base64-js": "^1.3.1",
                "ieee754": "^1.1.13"
            }
        },
        "node_modules/hotpocket-js-client": {
            "version": "0.5.3",
            "resolved": "https://registry.npmjs.org/hotpocket-js-client/-/hotpocket-js-client-0.5.3.tgz",
            "integrity": "sha512-q+qglTOTtI8t8BRqeKnb2cFyaGsb0RrTx4tQnF9HPYZYsNYkQfQcBpt+p8QzhEP2UqIbIlx8nz7HQ+CsdYr1xw==",
            "dependencies": {
                "blake3": "2.1.4",
                "bson": "4.5.3",
                "libsodium-wrappers": "0.7.9",
                "ws": "8.2.3"
            }
        },
        "node_modules/ieee754": {
            "version": "1.2.1",
            "resolved": "https://registry.npmjs.org/ieee754/-/ieee754-1.2.1.tgz",
            "integrity": "sha512-dcyqhDvX1C46lXZcVqCpK+FtMRQVdIMN6/Df5js2zouUsqG7I6sFxitIC+7KYK29KdXOLHdu9zL4sFnoVQnqaA==",
            "funding": [
                {
                    "type": "github",
                    "url": "https://github.com/sponsors/feross"
                },
                {
                    "type": "patreon",
                    "url": "https://www.patreon.com/feross"
                },
                {
                    "type": "consulting",
                    "url": "https://feross.org/support"
                }
            ]
        },
        "node_modules/libsodium": {
            "version": "0.7.10",
            "resolved": "https://registry.npmjs.org/libsodium/-/libsodium-0.7.10.tgz",
            "integrity": "sha512-eY+z7hDrDKxkAK+QKZVNv92A5KYkxfvIshtBJkmg5TSiCnYqZP3i9OO9whE79Pwgm4jGaoHgkM4ao/b9Cyu4zQ=="
        },
        "node_modules/libsodium-wrappers": {
            "version": "0.7.9",
            "resolved": "https://registry.npmjs.org/libsodium-wrappers/-/libsodium-wrappers-0.7.9.tgz",
            "integrity": "sha512-9HaAeBGk1nKTRFRHkt7nzxqCvnkWTjn1pdjKgcUnZxj0FyOP4CnhgFhMdrFfgNsukijBGyBLpP2m2uKT1vuWhQ==",
            "dependencies": {
                "libsodium": "^0.7.0"
            }
        },
        "node_modules/lmdb": {
            "version": "2.6.8",
            "resolved": "https://registry.npmjs.org/lmdb/-/lmdb-2.6.8.tgz",
            "integrity": "sha512-Vn+o5gFYTE39twmt9gVSDJi8mrWbnkDongSuYdGxhHDHFGX4ct2ITQWMp5THeoEcsQsNK4KhALjW1Hx83x7WGw==",
            "hasInstallScript": true,
            "dependencies": {
                "msgpackr": "1.7.2",
                "node-addon-api": "^4.3.0",
                "node-gyp-build-optional-packages": "5.0.3",
                "ordered-binary": "^1.4.0",
                "weak-lru-cache": "^1.2.2"
            },
            "bin": {
                "download-lmdb-prebuilds": "bin/download-prebuilds.js"
            },
            "optionalDependencies": {
                "@lmdb/lmdb-darwin-arm64": "2.6.8",
                "@lmdb/lmdb-darwin-x64": "2.6.8",
                "@lmdb/lmdb-linux-arm": "2.6.8",
                "@lmdb/lmdb-linux-arm64": "2.6.8",
                "@lmdb/lmdb-linux-x64": "2.6.8",
                "@lmdb/lmdb-win32-x64": "2.6.8"
            }
        },
        "node_modules/msgpackr": {
            "version": "1.7.2",
            "resolved": "https://registry.npmjs.org/msgpackr/-/msgpackr-1.7.2.tgz",
            "integrity": "sha512-mWScyHTtG6TjivXX9vfIy2nBtRupaiAj0HQ2mtmpmYujAmqZmaaEVPaSZ1NKLMvicaMLFzEaMk0ManxMRg8rMQ==",
            "optionalDependencies": {
                "msgpackr-extract": "^2.1.2"
            }
        },
        "node_modules/msgpackr-extract": {
            "version": "2.1.2",
            "resolved": "https://registry.npmjs.org/msgpackr-extract/-/msgpackr-extract-2.1.2.tgz",
            "integrity": "sha512-cmrmERQFb19NX2JABOGtrKdHMyI6RUyceaPBQ2iRz9GnDkjBWFjNJC0jyyoOfZl2U/LZE3tQCCQc4dlRyA8mcA==",
            "hasInstallScript": true,
            "optional": true,
            "dependencies": {
                "node-gyp-build-optional-packages": "5.0.3"
            },
            "bin": {
                "download-msgpackr-prebuilds": "bin/download-prebuilds.js"
            },
            "optionalDependencies": {
                "@msgpackr-extract/msgpackr-extract-darwin-arm64": "2.1.2",
                "@msgpackr-extract/msgpackr-extract-darwin-x64": "2.1.2",
                "@msgpackr-extract/msgpackr-extract-linux-arm": "2.1.2",
                "@msgpackr-extract/msgpackr-extract-linux-arm64": "2.1.2",
                "@msgpackr-extract/msgpackr-extract-linux-x64": "2.1.2",
                "@msgpackr-extract/msgpackr-extract-win32-x64": "2.1.2"
            }
        },
        "node_modules/nan": {
            "version": "2.17.0",
            "resolved": "https://registry.npmjs.org/nan/-/nan-2.17.0.tgz",
            "integrity": "sha512-2ZTgtl0nJsO0KQCjEpxcIr5D+Yv90plTitZt9JBfQvVJDS5seMl3FOvsh3+9CoYWXf/1l5OaZzzF6nDm4cagaQ=="
        },
        "node_modules/node-addon-api": {
            "version": "4.3.0",
            "resolved": "https://registry.npmjs.org/node-addon-api/-/node-addon-api-4.3.0.tgz",
            "integrity": "sha512-73sE9+3UaLYYFmDsFZnqCInzPyh3MqIwZO9cw58yIqAZhONrrabrYyYe3TuIqtIiOuTXVhsGau8hcrhhwSsDIQ=="
        },
        "node_modules/node-gyp-build": {
            "version": "4.5.0",
            "resolved": "https://registry.npmjs.org/node-gyp-build/-/node-gyp-build-4.5.0.tgz",
            "integrity": "sha512-2iGbaQBV+ITgCz76ZEjmhUKAKVf7xfY1sRl4UiKQspfZMH2h06SyhNsnSVy50cwkFQDGLyif6m/6uFXHkOZ6rg==",
            "bin": {
                "node-gyp-build": "bin.js",
                "node-gyp-build-optional": "optional.js",
                "node-gyp-build-test": "build-test.js"
            }
        },
        "node_modules/node-gyp-build-optional-packages": {
            "version": "5.0.3",
            "resolved": "https://registry.npmjs.org/node-gyp-build-optional-packages/-/node-gyp-build-optional-packages-5.0.3.tgz",
            "integrity": "sha512-k75jcVzk5wnnc/FMxsf4udAoTEUv2jY3ycfdSd3yWu6Cnd1oee6/CfZJApyscA4FJOmdoixWwiwOyf16RzD5JA==",
            "bin": {
                "node-gyp-build-optional-packages": "bin.js",
                "node-gyp-build-optional-packages-optional": "optional.js",
                "node-gyp-build-optional-packages-test": "build-test.js"
            }
        },
        "node_modules/node-lmdb": {
            "version": "0.9.7",
            "resolved": "https://registry.npmjs.org/node-lmdb/-/node-lmdb-0.9.7.tgz",
            "integrity": "sha512-RyYSB3kTByjp1yCKE474yuoBxi/+8kKvjYFOVuDBVoS31D6JvzjwMgNnQrMwoHSbZ6RwucW7jmF93Cm9ltziJQ==",
            "hasInstallScript": true,
            "dependencies": {
                "nan": "^2.14.1",
                "node-gyp-build": "^4.2.3"
            }
        },
        "node_modules/ordered-binary": {
            "version": "1.4.0",
            "resolved": "https://registry.npmjs.org/ordered-binary/-/ordered-binary-1.4.0.tgz",
            "integrity": "sha512-EHQ/jk4/a9hLupIKxTfUsQRej1Yd/0QLQs3vGvIqg5ZtCYSzNhkzHoZc7Zf4e4kUlDaC3Uw8Q/1opOLNN2OKRQ=="
        },
        "node_modules/weak-lru-cache": {
            "version": "1.2.2",
            "resolved": "https://registry.npmjs.org/weak-lru-cache/-/weak-lru-cache-1.2.2.tgz",
            "integrity": "sha512-DEAoo25RfSYMuTGc9vPJzZcZullwIqRDSI9LOy+fkCJPi6hykCnfKaXTuPBDuXAUcqHXyOgFtHNp/kB2FjYHbw=="
        },
        "node_modules/ws": {
            "version": "8.2.3",
            "resolved": "https://registry.npmjs.org/ws/-/ws-8.2.3.tgz",
            "integrity": "sha512-wBuoj1BDpC6ZQ1B7DWQBYVLphPWkm8i9Y0/3YdHjHKHiohOJ1ws+3OccDWtH+PoC9DZD5WOTrJvNbWvjS6JWaA==",
            "engines": {
                "node": ">=10.0.0"
            },
            "peerDependencies": {
                "bufferutil": "^4.0.1",
                "utf-8-validate": "^5.0.2"
            },
            "peerDependenciesMeta": {
                "bufferutil": {
                    "optional": true
                },
                "utf-8-validate": {
                    "optional": true
                }
            }
        }
    },
    "dependencies": {
        "@lmdb/lmdb-darwin-arm64": {
            "version": "2.6.8",
            "resolved": "https://registry.npmjs.org/@lmdb/lmdb-darwin-arm64/-/lmdb-darwin-arm64-2.6.8.tgz",
            "integrity": "sha512-u3BSAWCiyN8DZnXx4HdQjFTD2mlAnRHCmtgjQY7RwH99bFgZQzGpqvtM4TNh5bLuInxovyilI3qNmqUBEqbgtg==",
            "optional": true
        },
        "@lmdb/lmdb-darwin-x64": {
            "version": "2.6.8",
            "resolved": "https://registry.npmjs.org/@lmdb/lmdb-darwin-x64/-/lmdb-darwin-x64-2.6.8.tgz",
            "integrity": "sha512-btsrk8V8rjYxMgQX0hduqmhf0BFHTcjF4ZO7b796rMonGwhIZYdKE8CY1l/AQfRhoB6Pi1PKwhyO6B8W9zxNCQ==",
            "optional": true
        },
        "@lmdb/lmdb-linux-arm": {
            "version": "2.6.8",
            "resolved": "https://registry.npmjs.org/@lmdb/lmdb-linux-arm/-/lmdb-linux-arm-2.6.8.tgz",
            "integrity": "sha512-J4LlzHWkdWLNFlJJ2ZZlQF6k2Dejjd0e5kBMclvK4BdEJ5OOqrOZIAbDUb/efOhbmlR4AGShzIPviCRqOufU1w==",
            "optional": true
        },
        "@lmdb/lmdb-linux-arm64": {
            "version": "2.6.8",
            "resolved": "https://registry.npmjs.org/@lmdb/lmdb-linux-arm64/-/lmdb-linux-arm64-2.6.8.tgz",
            "integrity": "sha512-TVjR7QSSbuJqhCib/nqpRPvCA5rShm5ep6VJ/O0Wz04z1zIuRjkEYFwx9bOlRqmyu33gvab3MWqDyA33BN94sw==",
            "optional": true
        },
        "@lmdb/lmdb-linux-x64": {
            "version": "2.6.8",
            "resolved": "https://registry.npmjs.org/@lmdb/lmdb-linux-x64/-/lmdb-linux-x64-2.6.8.tgz",
            "integrity": "sha512-VqeBBNiQ5bkvIHW3gATypT6OMBCdHJtZqSvYXmQL5p2hJ/VqV1H3W2HBrAhKTs0ap4aUBPmuHTvoC87lgSCpmg==",
            "optional": true
        },
        "@lmdb/lmdb-win32-x64": {
            "version": "2.6.8",
            "resolved": "https://registry.npmjs.org/@lmdb/lmdb-win32-x64/-/lmdb-win32-x64-2.6.8.tgz",
            "integrity": "sha512-duVM8zq1FZWzu9tzwhOMAkbCiz7EZkXqPGv3EtG+FLPgBNiEih1AXB7WsrYufJZgFUzKOJQQyNVVA2/UJDOtjQ==",
            "optional": true
        },
        "@msgpackr-extract/msgpackr-extract-darwin-arm64": {
            "version": "2.1.2",
            "resolved": "https://registry.npmjs.org/@msgpackr-extract/msgpackr-extract-darwin-arm64/-/msgpackr-extract-darwin-arm64-2.1.2.tgz",
            "integrity": "sha512-TyVLn3S/+ikMDsh0gbKv2YydKClN8HaJDDpONlaZR+LVJmsxLFUgA+O7zu59h9+f9gX1aj/ahw9wqa6rosmrYQ==",
            "optional": true
        },
        "@msgpackr-extract/msgpackr-extract-darwin-x64": {
            "version": "2.1.2",
            "resolved": "https://registry.npmjs.org/@msgpackr-extract/msgpackr-extract-darwin-x64/-/msgpackr-extract-darwin-x64-2.1.2.tgz",
            "integrity": "sha512-YPXtcVkhmVNoMGlqp81ZHW4dMxK09msWgnxtsDpSiZwTzUBG2N+No2bsr7WMtBKCVJMSD6mbAl7YhKUqkp/Few==",
            "optional": true
        },
        "@msgpackr-extract/msgpackr-extract-linux-arm": {
            "version": "2.1.2",
            "resolved": "https://registry.npmjs.org/@msgpackr-extract/msgpackr-extract-linux-arm/-/msgpackr-extract-linux-arm-2.1.2.tgz",
            "integrity": "sha512-42R4MAFeIeNn+L98qwxAt360bwzX2Kf0ZQkBBucJ2Ircza3asoY4CDbgiu9VWklq8gWJVSJSJBwDI+c/THiWkA==",
            "optional": true
        },
        "@msgpackr-extract/msgpackr-extract-linux-arm64": {
            "version": "2.1.2",
            "resolved": "https://registry.npmjs.org/@msgpackr-extract/msgpackr-extract-linux-arm64/-/msgpackr-extract-linux-arm64-2.1.2.tgz",
            "integrity": "sha512-vHZ2JiOWF2+DN9lzltGbhtQNzDo8fKFGrf37UJrgqxU0yvtERrzUugnfnX1wmVfFhSsF8OxrfqiNOUc5hko1Zg==",
            "optional": true
        },
        "@msgpackr-extract/msgpackr-extract-linux-x64": {
            "version": "2.1.2",
            "resolved": "https://registry.npmjs.org/@msgpackr-extract/msgpackr-extract-linux-x64/-/msgpackr-extract-linux-x64-2.1.2.tgz",
            "integrity": "sha512-RjRoRxg7Q3kPAdUSC5EUUPlwfMkIVhmaRTIe+cqHbKrGZ4M6TyCA/b5qMaukQ/1CHWrqYY2FbKOAU8Hg0pQFzg==",
            "optional": true
        },
        "@msgpackr-extract/msgpackr-extract-win32-x64": {
            "version": "2.1.2",
            "resolved": "https://registry.npmjs.org/@msgpackr-extract/msgpackr-extract-win32-x64/-/msgpackr-extract-win32-x64-2.1.2.tgz",
            "integrity": "sha512-rIZVR48zA8hGkHIK7ED6+ZiXsjRCcAVBJbm8o89OKAMTmEAQ2QvoOxoiu3w2isAaWwzgtQIOFIqHwvZDyLKCvw==",
            "optional": true
        },
        "base64-js": {
            "version": "1.5.1",
            "resolved": "https://registry.npmjs.org/base64-js/-/base64-js-1.5.1.tgz",
            "integrity": "sha512-AKpaYlHn8t4SVbOHCy+b5+KKgvR4vrsD8vbvrbiQJps7fKDTkjkDry6ji0rUJjC0kzbNePLwzxq8iypo41qeWA=="
        },
        "blake3": {
            "version": "2.1.4",
            "resolved": "https://registry.npmjs.org/blake3/-/blake3-2.1.4.tgz",
            "integrity": "sha512-70hmx0lPd6zmtNwxPT4/1P0pqaEUlTJ0noUBvCXPLfMpN0o8PPaK3q7ZlpRIyhrqcXxeMAJSowNm/L9oi/x1XA=="
        },
        "bson": {
            "version": "4.5.3",
            "resolved": "https://registry.npmjs.org/bson/-/bson-4.5.3.tgz",
            "integrity": "sha512-qVX7LX79Mtj7B3NPLzCfBiCP6RAsjiV8N63DjlaVVpZW+PFoDTxQ4SeDbSpcqgE6mXksM5CAwZnXxxxn/XwC0g==",
            "requires": {
                "buffer": "^5.6.0"
            }
        },
        "buffer": {
            "version": "5.7.1",
            "resolved": "https://registry.npmjs.org/buffer/-/buffer-5.7.1.tgz",
            "integrity": "sha512-EHcyIPBQ4BSGlvjB16k5KgAJ27CIsHY/2JBmCRReo48y9rQ3MaUzWX3KVlBa4U7MyX02HdVj0K7C3WaB3ju7FQ==",
            "requires": {
                "base64-js": "^1.3.1",
                "ieee754": "^1.1.13"
            }
        },
        "hotpocket-js-client": {
            "version": "0.5.3",
            "resolved": "https://registry.npmjs.org/hotpocket-js-client/-/hotpocket-js-client-0.5.3.tgz",
            "integrity": "sha512-q+qglTOTtI8t8BRqeKnb2cFyaGsb0RrTx4tQnF9HPYZYsNYkQfQcBpt+p8QzhEP2UqIbIlx8nz7HQ+CsdYr1xw==",
            "requires": {
                "blake3": "2.1.4",
                "bson": "4.5.3",
                "libsodium-wrappers": "0.7.9",
                "ws": "8.2.3"
            }
        },
        "ieee754": {
            "version": "1.2.1",
            "resolved": "https://registry.npmjs.org/ieee754/-/ieee754-1.2.1.tgz",
            "integrity": "sha512-dcyqhDvX1C46lXZcVqCpK+FtMRQVdIMN6/Df5js2zouUsqG7I6sFxitIC+7KYK29KdXOLHdu9zL4sFnoVQnqaA=="
        },
        "libsodium": {
            "version": "0.7.10",
            "resolved": "https://registry.npmjs.org/libsodium/-/libsodium-0.7.10.tgz",
            "integrity": "sha512-eY+z7hDrDKxkAK+QKZVNv92A5KYkxfvIshtBJkmg5TSiCnYqZP3i9OO9whE79Pwgm4jGaoHgkM4ao/b9Cyu4zQ=="
        },
        "libsodium-wrappers": {
            "version": "0.7.9",
            "resolved": "https://registry.npmjs.org/libsodium-wrappers/-/libsodium-wrappers-0.7.9.tgz",
            "integrity": "sha512-9HaAeBGk1nKTRFRHkt7nzxqCvnkWTjn1pdjKgcUnZxj0FyOP4CnhgFhMdrFfgNsukijBGyBLpP2m2uKT1vuWhQ==",
            "requires": {
                "libsodium": "^0.7.0"
            }
        },
        "lmdb": {
            "version": "2.6.8",
            "resolved": "https://registry.npmjs.org/lmdb/-/lmdb-2.6.8.tgz",
            "integrity": "sha512-Vn+o5gFYTE39twmt9gVSDJi8mrWbnkDongSuYdGxhHDHFGX4ct2ITQWMp5THeoEcsQsNK4KhALjW1Hx83x7WGw==",
            "requires": {
                "@lmdb/lmdb-darwin-arm64": "2.6.8",
                "@lmdb/lmdb-darwin-x64": "2.6.8",
                "@lmdb/lmdb-linux-arm": "2.6.8",
                "@lmdb/lmdb-linux-arm64": "2.6.8",
                "@lmdb/lmdb-linux-x64": "2.6.8",
                "@lmdb/lmdb-win32-x64": "2.6.8",
                "msgpackr": "1.7.2",
                "node-addon-api": "^4.3.0",
                "node-gyp-build-optional-packages": "5.0.3",
                "ordered-binary": "^1.4.0",
                "weak-lru-cache": "^1.2.2"
            }
        },
        "msgpackr": {
            "version": "1.7.2",
            "resolved": "https://registry.npmjs.org/msgpackr/-/msgpackr-1.7.2.tgz",
            "integrity": "sha512-mWScyHTtG6TjivXX9vfIy2nBtRupaiAj0HQ2mtmpmYujAmqZmaaEVPaSZ1NKLMvicaMLFzEaMk0ManxMRg8rMQ==",
            "requires": {
                "msgpackr-extract": "^2.1.2"
            }
        },
        "msgpackr-extract": {
            "version": "2.1.2",
            "resolved": "https://registry.npmjs.org/msgpackr-extract/-/msgpackr-extract-2.1.2.tgz",
            "integrity": "sha512-cmrmERQFb19NX2JABOGtrKdHMyI6RUyceaPBQ2iRz9GnDkjBWFjNJC0jyyoOfZl2U/LZE3tQCCQc4dlRyA8mcA==",
            "optional": true,
            "requires": {
                "@msgpackr-extract/msgpackr-extract-darwin-arm64": "2.1.2",
                "@msgpackr-extract/msgpackr-extract-darwin-x64": "2.1.2",
                "@msgpackr-extract/msgpackr-extract-linux-arm": "2.1.2",
                "@msgpackr-extract/msgpackr-extract-linux-arm64": "2.1.2",
                "@msgpackr-extract/msgpackr-extract-linux-x64": "2.1.2",
                "@msgpackr-extract/msgpackr-extract-win32-x64": "2.1.2",
                "node-gyp-build-optional-packages": "5.0.3"
            }
        },
        "nan": {
            "version": "2.17.0",
            "resolved": "https://registry.npmjs.org/nan/-/nan-2.17.0.tgz",
            "integrity": "sha512-2ZTgtl0nJsO0KQCjEpxcIr5D+Yv90plTitZt9JBfQvVJDS5seMl3FOvsh3+9CoYWXf/1l5OaZzzF6nDm4cagaQ=="
        },
        "node-addon-api": {
            "version": "4.3.0",
            "resolved": "https://registry.npmjs.org/node-addon-api/-/node-addon-api-4.3.0.tgz",
            "integrity": "sha512-73sE9+3UaLYYFmDsFZnqCInzPyh3MqIwZO9cw58yIqAZhONrrabrYyYe3TuIqtIiOuTXVhsGau8hcrhhwSsDIQ=="
        },
        "node-gyp-build": {
            "version": "4.5.0",
            "resolved": "https://registry.npmjs.org/node-gyp-build/-/node-gyp-build-4.5.0.tgz",
            "integrity": "sha512-2iGbaQBV+ITgCz76ZEjmhUKAKVf7xfY1sRl4UiKQspfZMH2h06SyhNsnSVy50cwkFQDGLyif6m/6uFXHkOZ6rg=="
        },
        "node-gyp-build-optional-packages": {
            "version": "5.0.3",
            "resolved": "https://registry.npmjs.org/node-gyp-build-optional-packages/-/node-gyp-build-optional-packages-5.0.3.tgz",
            "integrity": "sha512-k75jcVzk5wnnc/FMxsf4udAoTEUv2jY3ycfdSd3yWu6Cnd1oee6/CfZJApyscA4FJOmdoixWwiwOyf16RzD5JA=="
        },
        "node-lmdb": {
            "version": "0.9.7",
            "resolved": "https://registry.npmjs.org/node-lmdb/-/node-lmdb-0.9.7.tgz",
            "integrity": "sha512-RyYSB3kTByjp1yCKE474yuoBxi/+8kKvjYFOVuDBVoS31D6JvzjwMgNnQrMwoHSbZ6RwucW7jmF93Cm9ltziJQ==",
            "requires": {
                "nan": "^2.14.1",
                "node-gyp-build": "^4.2.3"
            }
        },
        "ordered-binary": {
            "version": "1.4.0",
            "resolved": "https://registry.npmjs.org/ordered-binary/-/ordered-binary-1.4.0.tgz",
            "integrity": "sha512-EHQ/jk4/a9hLupIKxTfUsQRej1Yd/0QLQs3vGvIqg5ZtCYSzNhkzHoZc7Zf4e4kUlDaC3Uw8Q/1opOLNN2OKRQ=="
        },
        "weak-lru-cache": {
            "version": "1.2.2",
            "resolved": "https://registry.npmjs.org/weak-lru-cache/-/weak-lru-cache-1.2.2.tgz",
            "integrity": "sha512-DEAoo25RfSYMuTGc9vPJzZcZullwIqRDSI9LOy+fkCJPi6hykCnfKaXTuPBDuXAUcqHXyOgFtHNp/kB2FjYHbw=="
        },
        "ws": {
            "version": "8.2.3",
            "resolved": "https://registry.npmjs.org/ws/-/ws-8.2.3.tgz",
            "integrity": "sha512-wBuoj1BDpC6ZQ1B7DWQBYVLphPWkm8i9Y0/3YdHjHKHiohOJ1ws+3OccDWtH+PoC9DZD5WOTrJvNbWvjS6JWaA==",
            "requires": {}
        }
    }
}
