# THIS IS AN AUTOGENERATED FILE. DO NOT EDIT THIS FILE DIRECTLY.
# yarn lockfile v1


"@lmdb/lmdb-darwin-arm64@2.6.8":
  version "2.6.8"
  resolved "https://registry.yarnpkg.com/@lmdb/lmdb-darwin-arm64/-/lmdb-darwin-arm64-2.6.8.tgz#f909f3745f30e9215ea4e8bd62ad71e4f50edfb3"
  integrity sha512-u3BSAWCiyN8DZnXx4HdQjFTD2mlAnRHCmtgjQY7RwH99bFgZQzGpqvtM4TNh5bLuInxovyilI3qNmqUBEqbgtg==

"@lmdb/lmdb-darwin-x64@2.6.8":
  version "2.6.8"
  resolved "https://registry.npmjs.org/@lmdb/lmdb-darwin-x64/-/lmdb-darwin-x64-2.6.8.tgz"
  integrity sha512-btsrk8V8rjYxMgQX0hduqmhf0BFHTcjF4ZO7b796rMonGwhIZYdKE8CY1l/AQfRhoB6Pi1PKwhyO6B8W9zxNCQ==

"@lmdb/lmdb-linux-arm64@2.6.8":
  version "2.6.8"
  resolved "https://registry.yarnpkg.com/@lmdb/lmdb-linux-arm64/-/lmdb-linux-arm64-2.6.8.tgz#12b51bb057d4ae8b6705198d2b5b2e6ec2d7c3d5"
  integrity sha512-TVjR7QSSbuJqhCib/nqpRPvCA5rShm5ep6VJ/O0Wz04z1zIuRjkEYFwx9bOlRqmyu33gvab3MWqDyA33BN94sw==

"@lmdb/lmdb-linux-arm@2.6.8":
  version "2.6.8"
  resolved "https://registry.yarnpkg.com/@lmdb/lmdb-linux-arm/-/lmdb-linux-arm-2.6.8.tgz#1165d698e526d6135c3baf6993f2b8e8da0aed6f"
  integrity sha512-J4LlzHWkdWLNFlJJ2ZZlQF6k2Dejjd0e5kBMclvK4BdEJ5OOqrOZIAbDUb/efOhbmlR4AGShzIPviCRqOufU1w==

"@lmdb/lmdb-linux-x64@2.6.8":
  version "2.6.8"
  resolved "https://registry.yarnpkg.com/@lmdb/lmdb-linux-x64/-/lmdb-linux-x64-2.6.8.tgz#5f9b8fcf80de115fc9a1610110e5e14751649316"
  integrity sha512-VqeBBNiQ5bkvIHW3gATypT6OMBCdHJtZqSvYXmQL5p2hJ/VqV1H3W2HBrAhKTs0ap4aUBPmuHTvoC87lgSCpmg==

"@lmdb/lmdb-win32-x64@2.6.8":
  version "2.6.8"
  resolved "https://registry.yarnpkg.com/@lmdb/lmdb-win32-x64/-/lmdb-win32-x64-2.6.8.tgz#7ddd4cd1202981efec7bb285f9bab50040f631e7"
  integrity sha512-duVM8zq1FZWzu9tzwhOMAkbCiz7EZkXqPGv3EtG+FLPgBNiEih1AXB7WsrYufJZgFUzKOJQQyNVVA2/UJDOtjQ==

"@msgpackr-extract/msgpackr-extract-darwin-arm64@2.1.2":
  version "2.1.2"
  resolved "https://registry.yarnpkg.com/@msgpackr-extract/msgpackr-extract-darwin-arm64/-/msgpackr-extract-darwin-arm64-2.1.2.tgz#9571b87be3a3f2c46de05585470bc4f3af2f6f00"
  integrity sha512-TyVLn3S/+ikMDsh0gbKv2YydKClN8HaJDDpONlaZR+LVJmsxLFUgA+O7zu59h9+f9gX1aj/ahw9wqa6rosmrYQ==

"@msgpackr-extract/msgpackr-extract-darwin-x64@2.1.2":
  version "2.1.2"
  resolved "https://registry.npmjs.org/@msgpackr-extract/msgpackr-extract-darwin-x64/-/msgpackr-extract-darwin-x64-2.1.2.tgz"
  integrity sha512-YPXtcVkhmVNoMGlqp81ZHW4dMxK09msWgnxtsDpSiZwTzUBG2N+No2bsr7WMtBKCVJMSD6mbAl7YhKUqkp/Few==

"@msgpackr-extract/msgpackr-extract-linux-arm64@2.1.2":
  version "2.1.2"
  resolved "https://registry.yarnpkg.com/@msgpackr-extract/msgpackr-extract-linux-arm64/-/msgpackr-extract-linux-arm64-2.1.2.tgz#22555e28382af2922e7450634c8a2f240bb9eb82"
  integrity sha512-vHZ2JiOWF2+DN9lzltGbhtQNzDo8fKFGrf37UJrgqxU0yvtERrzUugnfnX1wmVfFhSsF8OxrfqiNOUc5hko1Zg==

"@msgpackr-extract/msgpackr-extract-linux-arm@2.1.2":
  version "2.1.2"
  resolved "https://registry.yarnpkg.com/@msgpackr-extract/msgpackr-extract-linux-arm/-/msgpackr-extract-linux-arm-2.1.2.tgz#ffb6ae1beea7ac572b6be6bf2a8e8162ebdd8be7"
  integrity sha512-42R4MAFeIeNn+L98qwxAt360bwzX2Kf0ZQkBBucJ2Ircza3asoY4CDbgiu9VWklq8gWJVSJSJBwDI+c/THiWkA==

"@msgpackr-extract/msgpackr-extract-linux-x64@2.1.2":
  version "2.1.2"
  resolved "https://registry.yarnpkg.com/@msgpackr-extract/msgpackr-extract-linux-x64/-/msgpackr-extract-linux-x64-2.1.2.tgz#7caf62eebbfb1345de40f75e89666b3d4194755f"
  integrity sha512-RjRoRxg7Q3kPAdUSC5EUUPlwfMkIVhmaRTIe+cqHbKrGZ4M6TyCA/b5qMaukQ/1CHWrqYY2FbKOAU8Hg0pQFzg==

"@msgpackr-extract/msgpackr-extract-win32-x64@2.1.2":
  version "2.1.2"
  resolved "https://registry.yarnpkg.com/@msgpackr-extract/msgpackr-extract-win32-x64/-/msgpackr-extract-win32-x64-2.1.2.tgz#f2d8b9ddd8d191205ed26ce54aba3dfc5ae3e7c9"
  integrity sha512-rIZVR48zA8hGkHIK7ED6+ZiXsjRCcAVBJbm8o89OKAMTmEAQ2QvoOxoiu3w2isAaWwzgtQIOFIqHwvZDyLKCvw==

base64-js@^1.3.1:
  version "1.5.1"
  resolved "https://registry.npmjs.org/base64-js/-/base64-js-1.5.1.tgz"
  integrity sha512-AKpaYlHn8t4SVbOHCy+b5+KKgvR4vrsD8vbvrbiQJps7fKDTkjkDry6ji0rUJjC0kzbNePLwzxq8iypo41qeWA==

blake3@2.1.4:
  version "2.1.4"
  resolved "https://registry.npmjs.org/blake3/-/blake3-2.1.4.tgz"
  integrity sha512-70hmx0lPd6zmtNwxPT4/1P0pqaEUlTJ0noUBvCXPLfMpN0o8PPaK3q7ZlpRIyhrqcXxeMAJSowNm/L9oi/x1XA==

bson@4.5.3:
  version "4.5.3"
  resolved "https://registry.npmjs.org/bson/-/bson-4.5.3.tgz"
  integrity sha512-qVX7LX79Mtj7B3NPLzCfBiCP6RAsjiV8N63DjlaVVpZW+PFoDTxQ4SeDbSpcqgE6mXksM5CAwZnXxxxn/XwC0g==
  dependencies:
    buffer "^5.6.0"

buffer@^5.6.0:
  version "5.7.1"
  resolved "https://registry.npmjs.org/buffer/-/buffer-5.7.1.tgz"
  integrity sha512-EHcyIPBQ4BSGlvjB16k5KgAJ27CIsHY/2JBmCRReo48y9rQ3MaUzWX3KVlBa4U7MyX02HdVj0K7C3WaB3ju7FQ==
  dependencies:
    base64-js "^1.3.1"
    ieee754 "^1.1.13"

hotpocket-js-client@0.5.3:
  version "0.5.3"
  resolved "https://registry.npmjs.org/hotpocket-js-client/-/hotpocket-js-client-0.5.3.tgz"
  integrity sha512-q+qglTOTtI8t8BRqeKnb2cFyaGsb0RrTx4tQnF9HPYZYsNYkQfQcBpt+p8QzhEP2UqIbIlx8nz7HQ+CsdYr1xw==
  dependencies:
    blake3 "2.1.4"
    bson "4.5.3"
    libsodium-wrappers "0.7.9"
    ws "8.2.3"

ieee754@^1.1.13:
  version "1.2.1"
  resolved "https://registry.npmjs.org/ieee754/-/ieee754-1.2.1.tgz"
  integrity sha512-dcyqhDvX1C46lXZcVqCpK+FtMRQVdIMN6/Df5js2zouUsqG7I6sFxitIC+7KYK29KdXOLHdu9zL4sFnoVQnqaA==

libsodium-wrappers@0.7.9:
  version "0.7.9"
  resolved "https://registry.npmjs.org/libsodium-wrappers/-/libsodium-wrappers-0.7.9.tgz"
  integrity sha512-9HaAeBGk1nKTRFRHkt7nzxqCvnkWTjn1pdjKgcUnZxj0FyOP4CnhgFhMdrFfgNsukijBGyBLpP2m2uKT1vuWhQ==
  dependencies:
    libsodium "^0.7.0"

libsodium@^0.7.0:
  version "0.7.10"
  resolved "https://registry.npmjs.org/libsodium/-/libsodium-0.7.10.tgz"
  integrity sha512-eY+z7hDrDKxkAK+QKZVNv92A5KYkxfvIshtBJkmg5TSiCnYqZP3i9OO9whE79Pwgm4jGaoHgkM4ao/b9Cyu4zQ==

lmdb@^2.6.8:
  version "2.6.8"
  resolved "https://registry.npmjs.org/lmdb/-/lmdb-2.6.8.tgz"
  integrity sha512-Vn+o5gFYTE39twmt9gVSDJi8mrWbnkDongSuYdGxhHDHFGX4ct2ITQWMp5THeoEcsQsNK4KhALjW1Hx83x7WGw==
  dependencies:
    msgpackr "1.7.2"
    node-addon-api "^4.3.0"
    node-gyp-build-optional-packages "5.0.3"
    ordered-binary "^1.4.0"
    weak-lru-cache "^1.2.2"
  optionalDependencies:
    "@lmdb/lmdb-darwin-arm64" "2.6.8"
    "@lmdb/lmdb-darwin-x64" "2.6.8"
    "@lmdb/lmdb-linux-arm" "2.6.8"
    "@lmdb/lmdb-linux-arm64" "2.6.8"
    "@lmdb/lmdb-linux-x64" "2.6.8"
    "@lmdb/lmdb-win32-x64" "2.6.8"

msgpackr-extract@^2.1.2:
  version "2.1.2"
  resolved "https://registry.npmjs.org/msgpackr-extract/-/msgpackr-extract-2.1.2.tgz"
  integrity sha512-cmrmERQFb19NX2JABOGtrKdHMyI6RUyceaPBQ2iRz9GnDkjBWFjNJC0jyyoOfZl2U/LZE3tQCCQc4dlRyA8mcA==
  dependencies:
    node-gyp-build-optional-packages "5.0.3"
  optionalDependencies:
    "@msgpackr-extract/msgpackr-extract-darwin-arm64" "2.1.2"
    "@msgpackr-extract/msgpackr-extract-darwin-x64" "2.1.2"
    "@msgpackr-extract/msgpackr-extract-linux-arm" "2.1.2"
    "@msgpackr-extract/msgpackr-extract-linux-arm64" "2.1.2"
    "@msgpackr-extract/msgpackr-extract-linux-x64" "2.1.2"
    "@msgpackr-extract/msgpackr-extract-win32-x64" "2.1.2"

msgpackr@1.7.2:
  version "1.7.2"
  resolved "https://registry.npmjs.org/msgpackr/-/msgpackr-1.7.2.tgz"
  integrity sha512-mWScyHTtG6TjivXX9vfIy2nBtRupaiAj0HQ2mtmpmYujAmqZmaaEVPaSZ1NKLMvicaMLFzEaMk0ManxMRg8rMQ==
  optionalDependencies:
    msgpackr-extract "^2.1.2"

nan@^2.14.1:
  version "2.17.0"
  resolved "https://registry.npmjs.org/nan/-/nan-2.17.0.tgz"
  integrity sha512-2ZTgtl0nJsO0KQCjEpxcIr5D+Yv90plTitZt9JBfQvVJDS5seMl3FOvsh3+9CoYWXf/1l5OaZzzF6nDm4cagaQ==

node-addon-api@^4.3.0:
  version "4.3.0"
  resolved "https://registry.npmjs.org/node-addon-api/-/node-addon-api-4.3.0.tgz"
  integrity sha512-73sE9+3UaLYYFmDsFZnqCInzPyh3MqIwZO9cw58yIqAZhONrrabrYyYe3TuIqtIiOuTXVhsGau8hcrhhwSsDIQ==

node-gyp-build-optional-packages@5.0.3:
  version "5.0.3"
  resolved "https://registry.npmjs.org/node-gyp-build-optional-packages/-/node-gyp-build-optional-packages-5.0.3.tgz"
  integrity sha512-k75jcVzk5wnnc/FMxsf4udAoTEUv2jY3ycfdSd3yWu6Cnd1oee6/CfZJApyscA4FJOmdoixWwiwOyf16RzD5JA==

node-gyp-build@^4.2.3:
  version "4.5.0"
  resolved "https://registry.npmjs.org/node-gyp-build/-/node-gyp-build-4.5.0.tgz"
  integrity sha512-2iGbaQBV+ITgCz76ZEjmhUKAKVf7xfY1sRl4UiKQspfZMH2h06SyhNsnSVy50cwkFQDGLyif6m/6uFXHkOZ6rg==

node-lmdb@^0.9.7:
  version "0.9.7"
  resolved "https://registry.npmjs.org/node-lmdb/-/node-lmdb-0.9.7.tgz"
  integrity sha512-RyYSB3kTByjp1yCKE474yuoBxi/+8kKvjYFOVuDBVoS31D6JvzjwMgNnQrMwoHSbZ6RwucW7jmF93Cm9ltziJQ==
  dependencies:
    nan "^2.14.1"
    node-gyp-build "^4.2.3"

ordered-binary@^1.4.0:
  version "1.4.0"
  resolved "https://registry.npmjs.org/ordered-binary/-/ordered-binary-1.4.0.tgz"
  integrity sha512-EHQ/jk4/a9hLupIKxTfUsQRej1Yd/0QLQs3vGvIqg5ZtCYSzNhkzHoZc7Zf4e4kUlDaC3Uw8Q/1opOLNN2OKRQ==

weak-lru-cache@^1.2.2:
  version "1.2.2"
  resolved "https://registry.npmjs.org/weak-lru-cache/-/weak-lru-cache-1.2.2.tgz"
  integrity sha512-DEAoo25RfSYMuTGc9vPJzZcZullwIqRDSI9LOy+fkCJPi6hykCnfKaXTuPBDuXAUcqHXyOgFtHNp/kB2FjYHbw==

ws@8.2.3:
  version "8.2.3"
  resolved "https://registry.npmjs.org/ws/-/ws-8.2.3.tgz"
  integrity sha512-wBuoj1BDpC6ZQ1B7DWQBYVLphPWkm8i9Y0/3YdHjHKHiohOJ1ws+3OccDWtH+PoC9DZD5WOTrJvNbWvjS6JWaA==
