{
    "name": "daocontract",
    "version": "1.0.0",
    "lockfileVersion": 2,
    "requires": true,
    "packages": {
        "": {
            "name": "daocontract",
            "version": "1.0.0",
            "dependencies": {
                "@vercel/ncc": "0.34.0",
                "hotpocket-nodejs-contract": "0.5.6",
                "node-lmdb": "^0.9.7"
            }
        },
        "node_modules/@vercel/ncc": {
            "version": "0.34.0",
            "resolved": "https://registry.npmjs.org/@vercel/ncc/-/ncc-0.34.0.tgz",
            "integrity": "sha512-G9h5ZLBJ/V57Ou9vz5hI8pda/YQX5HQszCs3AmIus3XzsmRn/0Ptic5otD3xVST8QLKk7AMk7AqpsyQGN7MZ9A==",
            "bin": {
                "ncc": "dist/ncc/cli.js"
            }
        },
        "node_modules/hotpocket-nodejs-contract": {
            "version": "0.5.6",
            "resolved": "https://registry.npmjs.org/hotpocket-nodejs-contract/-/hotpocket-nodejs-contract-0.5.6.tgz",
            "integrity": "sha512-Q52cE5lYGoVGvdUl3cDYixAh27QxzFF6JFaOm1+HoXU36dsKxZfDeJLGCfnDf4XcgEytM2mPE9STWUV+mdHqEg=="
        },
        "node_modules/nan": {
            "version": "2.17.0",
            "resolved": "https://registry.npmjs.org/nan/-/nan-2.17.0.tgz",
            "integrity": "sha512-2ZTgtl0nJsO0KQCjEpxcIr5D+Yv90plTitZt9JBfQvVJDS5seMl3FOvsh3+9CoYWXf/1l5OaZzzF6nDm4cagaQ=="
        },
        "node_modules/node-gyp-build": {
            "version": "4.5.0",
            "resolved": "https://registry.npmjs.org/node-gyp-build/-/node-gyp-build-4.5.0.tgz",
            "integrity": "sha512-2iGbaQBV+ITgCz76ZEjmhUKAKVf7xfY1sRl4UiKQspfZMH2h06SyhNsnSVy50cwkFQDGLyif6m/6uFXHkOZ6rg==",
            "bin": {
                "node-gyp-build": "bin.js",
                "node-gyp-build-optional": "optional.js",
                "node-gyp-build-test": "build-test.js"
            }
        },
        "node_modules/node-lmdb": {
            "version": "0.9.7",
            "resolved": "https://registry.npmjs.org/node-lmdb/-/node-lmdb-0.9.7.tgz",
            "integrity": "sha512-RyYSB3kTByjp1yCKE474yuoBxi/+8kKvjYFOVuDBVoS31D6JvzjwMgNnQrMwoHSbZ6RwucW7jmF93Cm9ltziJQ==",
            "hasInstallScript": true,
            "dependencies": {
                "nan": "^2.14.1",
                "node-gyp-build": "^4.2.3"
            }
        }
    },
    "dependencies": {
        "@vercel/ncc": {
            "version": "0.34.0",
            "resolved": "https://registry.npmjs.org/@vercel/ncc/-/ncc-0.34.0.tgz",
            "integrity": "sha512-G9h5ZLBJ/V57Ou9vz5hI8pda/YQX5HQszCs3AmIus3XzsmRn/0Ptic5otD3xVST8QLKk7AMk7AqpsyQGN7MZ9A=="
        },
        "hotpocket-nodejs-contract": {
            "version": "0.5.6",
            "resolved": "https://registry.npmjs.org/hotpocket-nodejs-contract/-/hotpocket-nodejs-contract-0.5.6.tgz",
            "integrity": "sha512-Q52cE5lYGoVGvdUl3cDYixAh27QxzFF6JFaOm1+HoXU36dsKxZfDeJLGCfnDf4XcgEytM2mPE9STWUV+mdHqEg=="
        },
        "nan": {
            "version": "2.17.0",
            "resolved": "https://registry.npmjs.org/nan/-/nan-2.17.0.tgz",
            "integrity": "sha512-2ZTgtl0nJsO0KQCjEpxcIr5D+Yv90plTitZt9JBfQvVJDS5seMl3FOvsh3+9CoYWXf/1l5OaZzzF6nDm4cagaQ=="
        },
        "node-gyp-build": {
            "version": "4.5.0",
            "resolved": "https://registry.npmjs.org/node-gyp-build/-/node-gyp-build-4.5.0.tgz",
            "integrity": "sha512-2iGbaQBV+ITgCz76ZEjmhUKAKVf7xfY1sRl4UiKQspfZMH2h06SyhNsnSVy50cwkFQDGLyif6m/6uFXHkOZ6rg=="
        },
        "node-lmdb": {
            "version": "0.9.7",
            "resolved": "https://registry.npmjs.org/node-lmdb/-/node-lmdb-0.9.7.tgz",
            "integrity": "sha512-RyYSB3kTByjp1yCKE474yuoBxi/+8kKvjYFOVuDBVoS31D6JvzjwMgNnQrMwoHSbZ6RwucW7jmF93Cm9ltziJQ==",
            "requires": {
                "nan": "^2.14.1",
                "node-gyp-build": "^4.2.3"
            }
        }
    }
}
